<?xml version="1.0" encoding="utf-8"?>
<Project ToolsVersion="4.0" xmlns="http://schemas.microsoft.com/developer/msbuild/2003">
  <ItemGroup>
    <Filter Include="소스 파일">
      <UniqueIdentifier>{4FC737F1-C7A5-4376-A066-2A32D752A2FF}</UniqueIdentifier>
      <Extensions>cpp;c;cc;cxx;c++;cppm;ixx;def;odl;idl;hpj;bat;asm;asmx</Extensions>
    </Filter>
    <Filter Include="헤더 파일">
      <UniqueIdentifier>{93995380-89BD-4b04-88EB-625FBE52EBFB}</UniqueIdentifier>
      <Extensions>h;hh;hpp;hxx;h++;hm;inl;inc;ipp;xsd</Extensions>
    </Filter>
    <Filter Include="리소스 파일">
      <UniqueIdentifier>{67DA6AB6-F800-4c08-8B7A-83BB121AAD01}</UniqueIdentifier>
      <Extensions>rc;ico;cur;bmp;dlg;rc2;rct;bin;rgs;gif;jpg;jpeg;jpe;resx;tiff;tif;png;wav;mfcribbon-ms</Extensions>
    </Filter>
    <Filter Include="소스 파일\01. Engine">
      <UniqueIdentifier>{6daa4768-72d1-48d0-b526-bffe231c6a9c}</UniqueIdentifier>
    </Filter>
    <Filter Include="소스 파일\03. Object">
      <UniqueIdentifier>{c39ac167-9b3a-4273-a96b-4ec8f7c37cc8}</UniqueIdentifier>
    </Filter>
    <Filter Include="소스 파일\03. Object\00. Object">
      <UniqueIdentifier>{b0ccf465-569d-47ef-95da-0fd3067ec23e}</UniqueIdentifier>
    </Filter>
    <Filter Include="소스 파일\03. Object\01. AnimationObject">
      <UniqueIdentifier>{c1f4619a-564c-407b-8d2a-c86da3f362a5}</UniqueIdentifier>
    </Filter>
    <Filter Include="소스 파일\03. Object\01. AnimationObject\00. AnimationObject">
      <UniqueIdentifier>{2a35ae7b-15d6-480b-826a-2cf2455e92b6}</UniqueIdentifier>
    </Filter>
    <Filter Include="소스 파일\02. Scene">
      <UniqueIdentifier>{0e4264e5-4452-458e-a971-5b5cecff78df}</UniqueIdentifier>
    </Filter>
    <Filter Include="소스 파일\02. Scene\00. Scene">
      <UniqueIdentifier>{b3c2d04d-db65-4089-8639-57fb9cabdf48}</UniqueIdentifier>
    </Filter>
    <Filter Include="소스 파일\03. Object\01. AnimationObject\02. Character">
      <UniqueIdentifier>{a35350f2-65c3-4972-8c02-1edeb89f2da6}</UniqueIdentifier>
    </Filter>
    <Filter Include="소스 파일\03. Object\01. AnimationObject\03. Bubble">
      <UniqueIdentifier>{3d12203f-4e30-42bb-8624-d1cb0b8e079b}</UniqueIdentifier>
    </Filter>
    <Filter Include="소스 파일\02. Scene\01. Login">
      <UniqueIdentifier>{74cf9d2a-38a8-4b13-8860-9c59809e6340}</UniqueIdentifier>
    </Filter>
    <Filter Include="소스 파일\02. Scene\02. Wating">
      <UniqueIdentifier>{b126fea1-fad9-45b7-9a31-6024f149b0b1}</UniqueIdentifier>
    </Filter>
    <Filter Include="소스 파일\03. Object\02. BackgroundObject">
      <UniqueIdentifier>{cf65d5bd-e518-4866-8c06-48a41b2408e4}</UniqueIdentifier>
    </Filter>
    <Filter Include="소스 파일\03. Object\02. BackgroundObject\00. BackgroundObject">
      <UniqueIdentifier>{c7e132df-ab2c-4f75-b3eb-34d1f1ac3473}</UniqueIdentifier>
    </Filter>
    <Filter Include="소스 파일\03. Object\02. BackgroundObject\01. ObstacleObject">
      <UniqueIdentifier>{9cf245b5-0395-460f-a426-34cb1f89325b}</UniqueIdentifier>
    </Filter>
    <Filter Include="소스 파일\04. SoundSystem">
      <UniqueIdentifier>{42f5dfde-d404-4e0f-b437-35d1ddeefcef}</UniqueIdentifier>
    </Filter>
    <Filter Include="소스 파일\02. Scene\03. Result">
      <UniqueIdentifier>{e15ac193-7738-4501-8d9c-84a84391ccd4}</UniqueIdentifier>
    </Filter>
    <Filter Include="소스 파일\03. Object\03. ButtonObject">
      <UniqueIdentifier>{4682a008-a770-4a29-8a0e-6a5a5fead043}</UniqueIdentifier>
    </Filter>
    <Filter Include="소스 파일\99. Practice">
      <UniqueIdentifier>{b88aaa44-ce99-4ada-a6d7-854ab56d8afc}</UniqueIdentifier>
    </Filter>
  </ItemGroup>
  <ItemGroup>
    <ClCompile Include="main.cpp">
      <Filter>소스 파일</Filter>
    </ClCompile>
    <ClCompile Include="Engine.cpp">
      <Filter>소스 파일\01. Engine</Filter>
    </ClCompile>
    <ClCompile Include="Object.cpp">
      <Filter>소스 파일\03. Object\00. Object</Filter>
    </ClCompile>
    <ClCompile Include="Character.cpp">
      <Filter>소스 파일\03. Object\01. AnimationObject\02. Character</Filter>
    </ClCompile>
    <ClCompile Include="Bubble.cpp">
      <Filter>소스 파일\03. Object\01. AnimationObject\03. Bubble</Filter>
    </ClCompile>
    <ClCompile Include="AnimationObject.cpp">
      <Filter>소스 파일\03. Object\01. AnimationObject\00. AnimationObject</Filter>
    </ClCompile>
    <ClCompile Include="Scene.cpp">
      <Filter>소스 파일\02. Scene\00. Scene</Filter>
    </ClCompile>
    <ClCompile Include="LoginScene.cpp">
      <Filter>소스 파일\02. Scene\01. Login</Filter>
    </ClCompile>
    <ClCompile Include="WaitingScene.cpp">
      <Filter>소스 파일\02. Scene\02. Wating</Filter>
    </ClCompile>
    <ClCompile Include="ResultScene.cpp">
      <Filter>소스 파일\02. Scene\03. Result</Filter>
    </ClCompile>
    <ClCompile Include="BackgroundObject.cpp">
      <Filter>소스 파일\03. Object\02. BackgroundObject\00. BackgroundObject</Filter>
    </ClCompile>
    <ClCompile Include="ObstacleObject.cpp">
      <Filter>소스 파일\03. Object\02. BackgroundObject\01. ObstacleObject</Filter>
    </ClCompile>
    <ClCompile Include="SoundSystem.cpp">
      <Filter>소스 파일\04. SoundSystem</Filter>
    </ClCompile>
    <ClCompile Include="PracScene.cpp">
      <Filter>소스 파일\99. Practice</Filter>
    </ClCompile>
    <ClCompile Include="ButtonObject.cpp">
      <Filter>소스 파일\03. Object\03. ButtonObject</Filter>
    </ClCompile>
    <ClCompile Include="PracMap.cpp">
      <Filter>소스 파일\99. Practice</Filter>
    </ClCompile>
    <ClCompile Include="JumpObject.cpp">
      <Filter>소스 파일\99. Practice</Filter>
    </ClCompile>
    <ClCompile Include="Bullet.cpp">
      <Filter>소스 파일\99. Practice</Filter>
    </ClCompile>
    <ClCompile Include="BulletManager.cpp">
      <Filter>소스 파일\99. Practice</Filter>
    </ClCompile>
    <ClCompile Include="MonsterObject.cpp">
      <Filter>소스 파일\99. Practice</Filter>
    </ClCompile>
  </ItemGroup>
  <ItemGroup>
    <ClInclude Include="Engine.h">
      <Filter>소스 파일\01. Engine</Filter>
    </ClInclude>
    <ClInclude Include="framework.h">
      <Filter>헤더 파일</Filter>
    </ClInclude>
    <ClInclude Include="Object.h">
      <Filter>소스 파일\03. Object\00. Object</Filter>
    </ClInclude>
    <ClInclude Include="Character.h">
      <Filter>소스 파일\03. Object\01. AnimationObject\02. Character</Filter>
    </ClInclude>
    <ClInclude Include="Bubble.h">
      <Filter>소스 파일\03. Object\01. AnimationObject\03. Bubble</Filter>
    </ClInclude>
    <ClInclude Include="AnimationObject.h">
      <Filter>소스 파일\03. Object\01. AnimationObject\00. AnimationObject</Filter>
    </ClInclude>
    <ClInclude Include="Scene.h">
      <Filter>소스 파일\02. Scene\00. Scene</Filter>
    </ClInclude>
    <ClInclude Include="LoginScene.h">
      <Filter>소스 파일\02. Scene\01. Login</Filter>
    </ClInclude>
    <ClInclude Include="WaitingScene.h">
      <Filter>소스 파일\02. Scene\02. Wating</Filter>
    </ClInclude>
    <ClInclude Include="ResultScene.h">
      <Filter>소스 파일\02. Scene\03. Result</Filter>
    </ClInclude>
    <ClInclude Include="BackgroundObject.h">
      <Filter>소스 파일\03. Object\02. BackgroundObject\00. BackgroundObject</Filter>
    </ClInclude>
    <ClInclude Include="ObstacleObject.h">
      <Filter>소스 파일\03. Object\02. BackgroundObject\01. ObstacleObject</Filter>
    </ClInclude>
    <ClInclude Include="SoundSystem.h">
      <Filter>소스 파일\04. SoundSystem</Filter>
    </ClInclude>
    <ClInclude Include="PracScene.h">
      <Filter>소스 파일\99. Practice</Filter>
    </ClInclude>
    <ClInclude Include="ButtonObject.h">
      <Filter>소스 파일\03. Object\03. ButtonObject</Filter>
    </ClInclude>
    <ClInclude Include="PracMap.h">
      <Filter>소스 파일\99. Practice</Filter>
    </ClInclude>
    <ClInclude Include="JumpObject.h">
      <Filter>소스 파일\99. Practice</Filter>
    </ClInclude>
    <ClInclude Include="Bullet.h">
      <Filter>소스 파일\99. Practice</Filter>
    </ClInclude>
    <ClInclude Include="BulletManager.h">
      <Filter>소스 파일\99. Practice</Filter>
    </ClInclude>
    <ClInclude Include="MonsterObject.h">
      <Filter>소스 파일\99. Practice</Filter>
    </ClInclude>
  </ItemGroup>
</Project>